Microsoft Visual Studio Solution File, Format Version 9.00
# Visual Studio 2005
Project("{8BC9CEB8-8B4A-11D0-8D11-00A0C91BC942}") = "ALL_BUILD", "ALL_BUILD.vcproj", "{44292C28-0FE5-4FD6-9339-6BE57B9FD0ED}"
	ProjectSection(ProjectDependencies) = postProject
		{E6B678F7-DE82-4807-9E0F-DCA7601974EA} = {E6B678F7-DE82-4807-9E0F-DCA7601974EA}
		{8E43C1B7-5682-41E5-8F0A-C7C33DE656EB} = {8E43C1B7-5682-41E5-8F0A-C7C33DE656EB}
		{1DAC4864-6E68-44FB-91A8-DEC5462A0489} = {1DAC4864-6E68-44FB-91A8-DEC5462A0489}
		{B7EA884A-8EF0-4AA6-8721-FB83D83DE005} = {B7EA884A-8EF0-4AA6-8721-FB83D83DE005}
		{13F5791F-A865-4897-B7EC-28F922538B1D} = {13F5791F-A865-4897-B7EC-28F922538B1D}
		{1C1AD1A9-E6C6-4C7D-AC5C-593B0FBC5382} = {1C1AD1A9-E6C6-4C7D-AC5C-593B0FBC5382}
		{F3E4A414-AB9F-4245-83B2-A150358138B5} = {F3E4A414-AB9F-4245-83B2-A150358138B5}
		{5CD18BBB-876F-4D98-81E9-6C5BB1859CD1} = {5CD18BBB-876F-4D98-81E9-6C5BB1859CD1}
		{8A2614E0-CCD0-44EE-80C4-434936A03F86} = {8A2614E0-CCD0-44EE-80C4-434936A03F86}
		{6FD6B7A6-A044-46A3-98BC-5C01E1927EEB} = {6FD6B7A6-A044-46A3-98BC-5C01E1927EEB}
	EndProjectSection
EndProject
Project("{8BC9CEB8-8B4A-11D0-8D11-00A0C91BC942}") = "INSTALL", "INSTALL.vcproj", "{C476371B-1025-409E-8170-E8090F8EDC87}"
	ProjectSection(ProjectDependencies) = postProject
		{44292C28-0FE5-4FD6-9339-6BE57B9FD0ED} = {44292C28-0FE5-4FD6-9339-6BE57B9FD0ED}
	EndProjectSection
EndProject
Project("{8BC9CEB8-8B4A-11D0-8D11-00A0C91BC942}") = "PACKAGE", "PACKAGE.vcproj", "{2DB836D1-DCFB-45D7-8563-704F36246633}"
	ProjectSection(ProjectDependencies) = postProject
		{44292C28-0FE5-4FD6-9339-6BE57B9FD0ED} = {44292C28-0FE5-4FD6-9339-6BE57B9FD0ED}
	EndProjectSection
EndProject
Project("{8BC9CEB8-8B4A-11D0-8D11-00A0C91BC942}") = "ZERO_CHECK", "ZERO_CHECK.vcproj", "{6FD6B7A6-A044-46A3-98BC-5C01E1927EEB}"
EndProject
Project("{8BC9CEB8-8B4A-11D0-8D11-00A0C91BC942}") = "ZLIB", "ZLIB.vcproj", "{8A2614E0-CCD0-44EE-80C4-434936A03F86}"
EndProject
Project("{8BC9CEB8-8B4A-11D0-8D11-00A0C91BC942}") = "dist", "dist.vcproj", "{2BF29C21-1143-4655-964D-BE3B138E558D}"
	ProjectSection(ProjectDependencies) = postProject
		{6FD6B7A6-A044-46A3-98BC-5C01E1927EEB} = {6FD6B7A6-A044-46A3-98BC-5C01E1927EEB}
	EndProjectSection
EndProject
Project("{8BC9CEB8-8B4A-11D0-8D11-00A0C91BC942}") = "test-client", "test-client.vcproj", "{5CD18BBB-876F-4D98-81E9-6C5BB1859CD1}"
	ProjectSection(ProjectDependencies) = postProject
		{8E43C1B7-5682-41E5-8F0A-C7C33DE656EB} = {8E43C1B7-5682-41E5-8F0A-C7C33DE656EB}
	EndProjectSection
EndProject
Project("{8BC9CEB8-8B4A-11D0-8D11-00A0C91BC942}") = "test-echo", "test-echo.vcproj", "{F3E4A414-AB9F-4245-83B2-A150358138B5}"
	ProjectSection(ProjectDependencies) = postProject
		{8E43C1B7-5682-41E5-8F0A-C7C33DE656EB} = {8E43C1B7-5682-41E5-8F0A-C7C33DE656EB}
		{6FD6B7A6-A044-46A3-98BC-5C01E1927EEB} = {6FD6B7A6-A044-46A3-98BC-5C01E1927EEB}
	EndProjectSection
EndProject
Project("{8BC9CEB8-8B4A-11D0-8D11-00A0C91BC942}") = "test-fraggle", "test-fraggle.vcproj", "{1C1AD1A9-E6C6-4C7D-AC5C-593B0FBC5382}"
	ProjectSection(ProjectDependencies) = postProject
		{8E43C1B7-5682-41E5-8F0A-C7C33DE656EB} = {8E43C1B7-5682-41E5-8F0A-C7C33DE656EB}
		{6FD6B7A6-A044-46A3-98BC-5C01E1927EEB} = {6FD6B7A6-A044-46A3-98BC-5C01E1927EEB}
	EndProjectSection
EndProject
Project("{8BC9CEB8-8B4A-11D0-8D11-00A0C91BC942}") = "test-ping", "test-ping.vcproj", "{13F5791F-A865-4897-B7EC-28F922538B1D}"
	ProjectSection(ProjectDependencies) = postProject
		{8E43C1B7-5682-41E5-8F0A-C7C33DE656EB} = {8E43C1B7-5682-41E5-8F0A-C7C33DE656EB}
		{6FD6B7A6-A044-46A3-98BC-5C01E1927EEB} = {6FD6B7A6-A044-46A3-98BC-5C01E1927EEB}
	EndProjectSection
EndProject
Project("{8BC9CEB8-8B4A-11D0-8D11-00A0C91BC942}") = "test-server", "test-server.vcproj", "{B7EA884A-8EF0-4AA6-8721-FB83D83DE005}"
	ProjectSection(ProjectDependencies) = postProject
		{8E43C1B7-5682-41E5-8F0A-C7C33DE656EB} = {8E43C1B7-5682-41E5-8F0A-C7C33DE656EB}
	EndProjectSection
EndProject
Project("{8BC9CEB8-8B4A-11D0-8D11-00A0C91BC942}") = "test-server-extpoll", "test-server-extpoll.vcproj", "{1DAC4864-6E68-44FB-91A8-DEC5462A0489}"
	ProjectSection(ProjectDependencies) = postProject
		{8E43C1B7-5682-41E5-8F0A-C7C33DE656EB} = {8E43C1B7-5682-41E5-8F0A-C7C33DE656EB}
		{6FD6B7A6-A044-46A3-98BC-5C01E1927EEB} = {6FD6B7A6-A044-46A3-98BC-5C01E1927EEB}
	EndProjectSection
EndProject
Project("{8BC9CEB8-8B4A-11D0-8D11-00A0C91BC942}") = "websockets", "websockets.vcproj", "{8E43C1B7-5682-41E5-8F0A-C7C33DE656EB}"
	ProjectSection(ProjectDependencies) = postProject
		{8A2614E0-CCD0-44EE-80C4-434936A03F86} = {8A2614E0-CCD0-44EE-80C4-434936A03F86}
	EndProjectSection
EndProject
Project("{8BC9CEB8-8B4A-11D0-8D11-00A0C91BC942}") = "websockets_shared", "websockets_shared.vcproj", "{E6B678F7-DE82-4807-9E0F-DCA7601974EA}"
	ProjectSection(ProjectDependencies) = postProject
		{8A2614E0-CCD0-44EE-80C4-434936A03F86} = {8A2614E0-CCD0-44EE-80C4-434936A03F86}
	EndProjectSection
EndProject
Global
	GlobalSection(SolutionConfigurationPlatforms) = preSolution
		Debug|Win32 = Debug|Win32
		MinSizeRel|Win32 = MinSizeRel|Win32
		Release|Win32 = Release|Win32
		RelWithDebInfo|Win32 = RelWithDebInfo|Win32
	EndGlobalSection
	GlobalSection(ProjectConfigurationPlatforms) = postSolution
		{44292C28-0FE5-4FD6-9339-6BE57B9FD0ED}.Debug|Win32.ActiveCfg = Debug|Win32
		{44292C28-0FE5-4FD6-9339-6BE57B9FD0ED}.Debug|Win32.Build.0 = Debug|Win32
		{44292C28-0FE5-4FD6-9339-6BE57B9FD0ED}.MinSizeRel|Win32.ActiveCfg = MinSizeRel|Win32
		{44292C28-0FE5-4FD6-9339-6BE57B9FD0ED}.MinSizeRel|Win32.Build.0 = MinSizeRel|Win32
		{44292C28-0FE5-4FD6-9339-6BE57B9FD0ED}.Release|Win32.ActiveCfg = Release|Win32
		{44292C28-0FE5-4FD6-9339-6BE57B9FD0ED}.Release|Win32.Build.0 = Release|Win32
		{44292C28-0FE5-4FD6-9339-6BE57B9FD0ED}.RelWithDebInfo|Win32.ActiveCfg = RelWithDebInfo|Win32
		{44292C28-0FE5-4FD6-9339-6BE57B9FD0ED}.RelWithDebInfo|Win32.Build.0 = RelWithDebInfo|Win32
		{C476371B-1025-409E-8170-E8090F8EDC87}.Debug|Win32.ActiveCfg = Debug|Win32
		{C476371B-1025-409E-8170-E8090F8EDC87}.MinSizeRel|Win32.ActiveCfg = MinSizeRel|Win32
		{C476371B-1025-409E-8170-E8090F8EDC87}.Release|Win32.ActiveCfg = Release|Win32
		{C476371B-1025-409E-8170-E8090F8EDC87}.RelWithDebInfo|Win32.ActiveCfg = RelWithDebInfo|Win32
		{2DB836D1-DCFB-45D7-8563-704F36246633}.Debug|Win32.ActiveCfg = Debug|Win32
		{2DB836D1-DCFB-45D7-8563-704F36246633}.MinSizeRel|Win32.ActiveCfg = MinSizeRel|Win32
		{2DB836D1-DCFB-45D7-8563-704F36246633}.Release|Win32.ActiveCfg = Release|Win32
		{2DB836D1-DCFB-45D7-8563-704F36246633}.RelWithDebInfo|Win32.ActiveCfg = RelWithDebInfo|Win32
		{6FD6B7A6-A044-46A3-98BC-5C01E1927EEB}.Debug|Win32.ActiveCfg = Debug|Win32
		{6FD6B7A6-A044-46A3-98BC-5C01E1927EEB}.Debug|Win32.Build.0 = Debug|Win32
		{6FD6B7A6-A044-46A3-98BC-5C01E1927EEB}.MinSizeRel|Win32.ActiveCfg = MinSizeRel|Win32
		{6FD6B7A6-A044-46A3-98BC-5C01E1927EEB}.MinSizeRel|Win32.Build.0 = MinSizeRel|Win32
		{6FD6B7A6-A044-46A3-98BC-5C01E1927EEB}.Release|Win32.ActiveCfg = Release|Win32
		{6FD6B7A6-A044-46A3-98BC-5C01E1927EEB}.Release|Win32.Build.0 = Release|Win32
		{6FD6B7A6-A044-46A3-98BC-5C01E1927EEB}.RelWithDebInfo|Win32.ActiveCfg = RelWithDebInfo|Win32
		{6FD6B7A6-A044-46A3-98BC-5C01E1927EEB}.RelWithDebInfo|Win32.Build.0 = RelWithDebInfo|Win32
		{8A2614E0-CCD0-44EE-80C4-434936A03F86}.Debug|Win32.ActiveCfg = Debug|Win32
		{8A2614E0-CCD0-44EE-80C4-434936A03F86}.Debug|Win32.Build.0 = Debug|Win32
		{8A2614E0-CCD0-44EE-80C4-434936A03F86}.MinSizeRel|Win32.ActiveCfg = MinSizeRel|Win32
		{8A2614E0-CCD0-44EE-80C4-434936A03F86}.MinSizeRel|Win32.Build.0 = MinSizeRel|Win32
		{8A2614E0-CCD0-44EE-80C4-434936A03F86}.Release|Win32.ActiveCfg = Release|Win32
		{8A2614E0-CCD0-44EE-80C4-434936A03F86}.Release|Win32.Build.0 = Release|Win32
		{8A2614E0-CCD0-44EE-80C4-434936A03F86}.RelWithDebInfo|Win32.ActiveCfg = RelWithDebInfo|Win32
		{8A2614E0-CCD0-44EE-80C4-434936A03F86}.RelWithDebInfo|Win32.Build.0 = RelWithDebInfo|Win32
		{2BF29C21-1143-4655-964D-BE3B138E558D}.Debug|Win32.ActiveCfg = Debug|Win32
		{2BF29C21-1143-4655-964D-BE3B138E558D}.MinSizeRel|Win32.ActiveCfg = MinSizeRel|Win32
		{2BF29C21-1143-4655-964D-BE3B138E558D}.Release|Win32.ActiveCfg = Release|Win32
		{2BF29C21-1143-4655-964D-BE3B138E558D}.RelWithDebInfo|Win32.ActiveCfg = RelWithDebInfo|Win32
		{5CD18BBB-876F-4D98-81E9-6C5BB1859CD1}.Debug|Win32.ActiveCfg = Debug|Win32
		{5CD18BBB-876F-4D98-81E9-6C5BB1859CD1}.Debug|Win32.Build.0 = Debug|Win32
		{5CD18BBB-876F-4D98-81E9-6C5BB1859CD1}.MinSizeRel|Win32.ActiveCfg = MinSizeRel|Win32
		{5CD18BBB-876F-4D98-81E9-6C5BB1859CD1}.MinSizeRel|Win32.Build.0 = MinSizeRel|Win32
		{5CD18BBB-876F-4D98-81E9-6C5BB1859CD1}.Release|Win32.ActiveCfg = Release|Win32
		{5CD18BBB-876F-4D98-81E9-6C5BB1859CD1}.Release|Win32.Build.0 = Release|Win32
		{5CD18BBB-876F-4D98-81E9-6C5BB1859CD1}.RelWithDebInfo|Win32.ActiveCfg = RelWithDebInfo|Win32
		{5CD18BBB-876F-4D98-81E9-6C5BB1859CD1}.RelWithDebInfo|Win32.Build.0 = RelWithDebInfo|Win32
		{F3E4A414-AB9F-4245-83B2-A150358138B5}.Debug|Win32.ActiveCfg = Debug|Win32
		{F3E4A414-AB9F-4245-83B2-A150358138B5}.Debug|Win32.Build.0 = Debug|Win32
		{F3E4A414-AB9F-4245-83B2-A150358138B5}.MinSizeRel|Win32.ActiveCfg = MinSizeRel|Win32
		{F3E4A414-AB9F-4245-83B2-A150358138B5}.MinSizeRel|Win32.Build.0 = MinSizeRel|Win32
		{F3E4A414-AB9F-4245-83B2-A150358138B5}.Release|Win32.ActiveCfg = Release|Win32
		{F3E4A414-AB9F-4245-83B2-A150358138B5}.Release|Win32.Build.0 = Release|Win32
		{F3E4A414-AB9F-4245-83B2-A150358138B5}.RelWithDebInfo|Win32.ActiveCfg = RelWithDebInfo|Win32
		{F3E4A414-AB9F-4245-83B2-A150358138B5}.RelWithDebInfo|Win32.Build.0 = RelWithDebInfo|Win32
		{1C1AD1A9-E6C6-4C7D-AC5C-593B0FBC5382}.Debug|Win32.ActiveCfg = Debug|Win32
		{1C1AD1A9-E6C6-4C7D-AC5C-593B0FBC5382}.Debug|Win32.Build.0 = Debug|Win32
		{1C1AD1A9-E6C6-4C7D-AC5C-593B0FBC5382}.MinSizeRel|Win32.ActiveCfg = MinSizeRel|Win32
		{1C1AD1A9-E6C6-4C7D-AC5C-593B0FBC5382}.MinSizeRel|Win32.Build.0 = MinSizeRel|Win32
		{1C1AD1A9-E6C6-4C7D-AC5C-593B0FBC5382}.Release|Win32.ActiveCfg = Release|Win32
		{1C1AD1A9-E6C6-4C7D-AC5C-593B0FBC5382}.Release|Win32.Build.0 = Release|Win32
		{1C1AD1A9-E6C6-4C7D-AC5C-593B0FBC5382}.RelWithDebInfo|Win32.ActiveCfg = RelWithDebInfo|Win32
		{1C1AD1A9-E6C6-4C7D-AC5C-593B0FBC5382}.RelWithDebInfo|Win32.Build.0 = RelWithDebInfo|Win32
		{13F5791F-A865-4897-B7EC-28F922538B1D}.Debug|Win32.ActiveCfg = Debug|Win32
		{13F5791F-A865-4897-B7EC-28F922538B1D}.Debug|Win32.Build.0 = Debug|Win32
		{13F5791F-A865-4897-B7EC-28F922538B1D}.MinSizeRel|Win32.ActiveCfg = MinSizeRel|Win32
		{13F5791F-A865-4897-B7EC-28F922538B1D}.MinSizeRel|Win32.Build.0 = MinSizeRel|Win32
		{13F5791F-A865-4897-B7EC-28F922538B1D}.Release|Win32.ActiveCfg = Release|Win32
		{13F5791F-A865-4897-B7EC-28F922538B1D}.Release|Win32.Build.0 = Release|Win32
		{13F5791F-A865-4897-B7EC-28F922538B1D}.RelWithDebInfo|Win32.ActiveCfg = RelWithDebInfo|Win32
		{13F5791F-A865-4897-B7EC-28F922538B1D}.RelWithDebInfo|Win32.Build.0 = RelWithDebInfo|Win32
		{B7EA884A-8EF0-4AA6-8721-FB83D83DE005}.Debug|Win32.ActiveCfg = Debug|Win32
		{B7EA884A-8EF0-4AA6-8721-FB83D83DE005}.Debug|Win32.Build.0 = Debug|Win32
		{B7EA884A-8EF0-4AA6-8721-FB83D83DE005}.MinSizeRel|Win32.ActiveCfg = MinSizeRel|Win32
		{B7EA884A-8EF0-4AA6-8721-FB83D83DE005}.MinSizeRel|Win32.Build.0 = MinSizeRel|Win32
		{B7EA884A-8EF0-4AA6-8721-FB83D83DE005}.Release|Win32.ActiveCfg = Release|Win32
		{B7EA884A-8EF0-4AA6-8721-FB83D83DE005}.Release|Win32.Build.0 = Release|Win32
		{B7EA884A-8EF0-4AA6-8721-FB83D83DE005}.RelWithDebInfo|Win32.ActiveCfg = RelWithDebInfo|Win32
		{B7EA884A-8EF0-4AA6-8721-FB83D83DE005}.RelWithDebInfo|Win32.Build.0 = RelWithDebInfo|Win32
		{1DAC4864-6E68-44FB-91A8-DEC5462A0489}.Debug|Win32.ActiveCfg = Debug|Win32
		{1DAC4864-6E68-44FB-91A8-DEC5462A0489}.Debug|Win32.Build.0 = Debug|Win32
		{1DAC4864-6E68-44FB-91A8-DEC5462A0489}.MinSizeRel|Win32.ActiveCfg = MinSizeRel|Win32
		{1DAC4864-6E68-44FB-91A8-DEC5462A0489}.MinSizeRel|Win32.Build.0 = MinSizeRel|Win32
		{1DAC4864-6E68-44FB-91A8-DEC5462A0489}.Release|Win32.ActiveCfg = Release|Win32
		{1DAC4864-6E68-44FB-91A8-DEC5462A0489}.Release|Win32.Build.0 = Release|Win32
		{1DAC4864-6E68-44FB-91A8-DEC5462A0489}.RelWithDebInfo|Win32.ActiveCfg = RelWithDebInfo|Win32
		{1DAC4864-6E68-44FB-91A8-DEC5462A0489}.RelWithDebInfo|Win32.Build.0 = RelWithDebInfo|Win32
		{8E43C1B7-5682-41E5-8F0A-C7C33DE656EB}.Debug|Win32.ActiveCfg = Debug|Win32
		{8E43C1B7-5682-41E5-8F0A-C7C33DE656EB}.Debug|Win32.Build.0 = Debug|Win32
		{8E43C1B7-5682-41E5-8F0A-C7C33DE656EB}.MinSizeRel|Win32.ActiveCfg = MinSizeRel|Win32
		{8E43C1B7-5682-41E5-8F0A-C7C33DE656EB}.MinSizeRel|Win32.Build.0 = MinSizeRel|Win32
		{8E43C1B7-5682-41E5-8F0A-C7C33DE656EB}.Release|Win32.ActiveCfg = Release|Win32
		{8E43C1B7-5682-41E5-8F0A-C7C33DE656EB}.Release|Win32.Build.0 = Release|Win32
		{8E43C1B7-5682-41E5-8F0A-C7C33DE656EB}.RelWithDebInfo|Win32.ActiveCfg = RelWithDebInfo|Win32
		{8E43C1B7-5682-41E5-8F0A-C7C33DE656EB}.RelWithDebInfo|Win32.Build.0 = RelWithDebInfo|Win32
		{E6B678F7-DE82-4807-9E0F-DCA7601974EA}.Debug|Win32.ActiveCfg = Debug|Win32
		{E6B678F7-DE82-4807-9E0F-DCA7601974EA}.Debug|Win32.Build.0 = Debug|Win32
		{E6B678F7-DE82-4807-9E0F-DCA7601974EA}.MinSizeRel|Win32.ActiveCfg = MinSizeRel|Win32
		{E6B678F7-DE82-4807-9E0F-DCA7601974EA}.MinSizeRel|Win32.Build.0 = MinSizeRel|Win32
		{E6B678F7-DE82-4807-9E0F-DCA7601974EA}.Release|Win32.ActiveCfg = Release|Win32
		{E6B678F7-DE82-4807-9E0F-DCA7601974EA}.Release|Win32.Build.0 = Release|Win32
		{E6B678F7-DE82-4807-9E0F-DCA7601974EA}.RelWithDebInfo|Win32.ActiveCfg = RelWithDebInfo|Win32
		{E6B678F7-DE82-4807-9E0F-DCA7601974EA}.RelWithDebInfo|Win32.Build.0 = RelWithDebInfo|Win32
	EndGlobalSection
	GlobalSection(SolutionProperties) = preSolution
		HideSolutionNode = FALSE
	EndGlobalSection
EndGlobal
